
Microsoft Visual Studio Solution File, Format Version 12.00
# Visual Studio Version 16
VisualStudioVersion = 16.0.29920.165
MinimumVisualStudioVersion = 10.0.40219.1
Project("{FAE04EC0-301F-11D3-BF4B-00C04F79EFBC}") = "App-1", "App-1\App-1.csproj", "{9BB687CD-614A-42C6-9D74-FFC316659339}"
EndProject
Project("{00D1A9C2-B5F0-4AF3-8072-F6C62B433612}") = "app-1-database", "app-1-database\app-1-database.sqlproj", "{1CC2DAF9-F157-4FE4-A97D-84CBE711A27D}"
EndProject
Global
	GlobalSection(SolutionConfigurationPlatforms) = preSolution
		Debug|Any CPU = Debug|Any CPU
		Release|Any CPU = Release|Any CPU
	EndGlobalSection
	GlobalSection(ProjectConfigurationPlatforms) = postSolution
		{9BB687CD-614A-42C6-9D74-FFC316659339}.Debug|Any CPU.ActiveCfg = Debug|Any CPU
		{9BB687CD-614A-42C6-9D74-FFC316659339}.Debug|Any CPU.Build.0 = Debug|Any CPU
		{9BB687CD-614A-42C6-9D74-FFC316659339}.Release|Any CPU.ActiveCfg = Release|Any CPU
		{9BB687CD-614A-42C6-9D74-FFC316659339}.Release|Any CPU.Build.0 = Release|Any CPU
		{1CC2DAF9-F157-4FE4-A97D-84CBE711A27D}.Debug|Any CPU.ActiveCfg = Debug|Any CPU
		{1CC2DAF9-F157-4FE4-A97D-84CBE711A27D}.Debug|Any CPU.Build.0 = Debug|Any CPU
		{1CC2DAF9-F157-4FE4-A97D-84CBE711A27D}.Debug|Any CPU.Deploy.0 = Debug|Any CPU
		{1CC2DAF9-F157-4FE4-A97D-84CBE711A27D}.Release|Any CPU.ActiveCfg = Release|Any CPU
		{1CC2DAF9-F157-4FE4-A97D-84CBE711A27D}.Release|Any CPU.Build.0 = Release|Any CPU
		{1CC2DAF9-F157-4FE4-A97D-84CBE711A27D}.Release|Any CPU.Deploy.0 = Release|Any CPU
	EndGlobalSection
	GlobalSection(SolutionProperties) = preSolution
		HideSolutionNode = FALSE
	EndGlobalSection
	GlobalSection(ExtensibilityGlobals) = postSolution
		SolutionGuid = {73F74D6B-BD45-43F2-A16F-7DF37EC67E11}
	EndGlobalSection
EndGlobal
